
Microsoft Visual Studio Solution File, Format Version 12.00
# Visual Studio Version 17
VisualStudioVersion = 17.6.33829.357
MinimumVisualStudioVersion = 10.0.40219.1
Project("{FAE04EC0-301F-11D3-BF4B-00C04F79EFBC}") = "ProcessandoArquivos", "ProcessandoArquivos\ProcessandoArquivos.csproj", "{10D8DB65-8B0F-41A8-A5FE-CBB5AD9F34D0}"
EndProject
Global
	GlobalSection(SolutionConfigurationPlatforms) = preSolution
		Debug|Any CPU = Debug|Any CPU
		Release|Any CPU = Release|Any CPU
	EndGlobalSection
	GlobalSection(ProjectConfigurationPlatforms) = postSolution
		{10D8DB65-8B0F-41A8-A5FE-CBB5AD9F34D0}.Debug|Any CPU.ActiveCfg = Debug|Any CPU
		{10D8DB65-8B0F-41A8-A5FE-CBB5AD9F34D0}.Debug|Any CPU.Build.0 = Debug|Any CPU
		{10D8DB65-8B0F-41A8-A5FE-CBB5AD9F34D0}.Release|Any CPU.ActiveCfg = Release|Any CPU
		{10D8DB65-8B0F-41A8-A5FE-CBB5AD9F34D0}.Release|Any CPU.Build.0 = Release|Any CPU
	EndGlobalSection
	GlobalSection(SolutionProperties) = preSolution
		HideSolutionNode = FALSE
	EndGlobalSection
	GlobalSection(ExtensibilityGlobals) = postSolution
		SolutionGuid = {E2E337B9-C122-46A7-B8A7-89800DD9310E}
	EndGlobalSection
EndGlobal
